# This file is automatically @generated by Cargo.
# It is not intended for manual editing.
version = 4

[[package]]
name = "anstream"
version = "0.6.18"
source = "registry+https://github.com/rust-lang/crates.io-index"
checksum = "8acc5369981196006228e28809f761875c0327210a891e941f4c683b3a99529b"
dependencies = [
 "anstyle",
 "anstyle-parse",
 "anstyle-query",
 "anstyle-wincon",
 "colorchoice",
 "is_terminal_polyfill",
 "utf8parse",
]

[[package]]
name = "anstyle"
version = "1.0.10"
source = "registry+https://github.com/rust-lang/crates.io-index"
checksum = "55cc3b69f167a1ef2e161439aa98aed94e6028e5f9a59be9a6ffb47aef1651f9"

[[package]]
name = "anstyle-parse"
version = "0.2.6"
source = "registry+https://github.com/rust-lang/crates.io-index"
checksum = "3b2d16507662817a6a20a9ea92df6652ee4f94f914589377d69f3b21bc5798a9"
dependencies = [
 "utf8parse",
]

[[package]]
name = "anstyle-query"
version = "1.1.2"
source = "registry+https://github.com/rust-lang/crates.io-index"
checksum = "79947af37f4177cfead1110013d678905c37501914fba0efea834c3fe9a8d60c"
dependencies = [
 "windows-sys",
]

[[package]]
name = "anstyle-wincon"
version = "3.0.7"
source = "registry+https://github.com/rust-lang/crates.io-index"
checksum = "ca3534e77181a9cc07539ad51f2141fe32f6c3ffd4df76db8ad92346b003ae4e"
dependencies = [
 "anstyle",
 "once_cell",
 "windows-sys",
]

[[package]]
name = "anyhow"
version = "1.0.96"
source = "registry+https://github.com/rust-lang/crates.io-index"
checksum = "6b964d184e89d9b6b67dd2715bc8e74cf3107fb2b529990c90cf517326150bf4"

[[package]]
name = "autocfg"
version = "1.4.0"
source = "registry+https://github.com/rust-lang/crates.io-index"
checksum = "ace50bade8e6234aa140d9a2f552bbee1db4d353f69b8217bc503490fc1a9f26"

[[package]]
name = "bit_field"
version = "0.10.2"
source = "registry+https://github.com/rust-lang/crates.io-index"
checksum = "dc827186963e592360843fb5ba4b973e145841266c1357f7180c43526f2e5b61"

[[package]]
name = "bitfield"
version = "0.18.1"
source = "registry+https://github.com/rust-lang/crates.io-index"
checksum = "4c7e6caee68becd795bfd65f1a026e4d00d8f0c2bc9be5eb568e1015f9ce3c34"
dependencies = [
 "bitfield-macros",
]

[[package]]
name = "bitfield-macros"
version = "0.18.1"
source = "registry+https://github.com/rust-lang/crates.io-index"
checksum = "331afbb18ce7b644c0b428726d369c5dd37ca0b815d72a459fcc2896c3c8ad32"
dependencies = [
 "proc-macro2",
 "quote",
 "syn 2.0.98",
]

[[package]]
name = "bitflags"
version = "1.3.2"
source = "registry+https://github.com/rust-lang/crates.io-index"
checksum = "bef38d45163c2f1dde094a7dfd33ccf595c92905c8f8f4fdc18d06fb1037718a"

[[package]]
name = "bitflags"
version = "2.8.0"
source = "registry+https://github.com/rust-lang/crates.io-index"
checksum = "8f68f53c83ab957f72c32642f3868eec03eb974d1fb82e453128456482613d36"

[[package]]
name = "bitvec"
version = "1.0.1"
source = "registry+https://github.com/rust-lang/crates.io-index"
checksum = "1bc2832c24239b0141d5674bb9174f9d68a8b5b3f2753311927c172ca46f7e9c"
dependencies = [
 "funty",
 "radium",
 "tap",
 "wyz",
]

[[package]]
name = "byteorder"
version = "0.5.3"
source = "registry+https://github.com/rust-lang/crates.io-index"
checksum = "0fc10e8cc6b2580fda3f36eb6dc5316657f812a3df879a44a66fc9f0fdbc4855"

[[package]]
name = "cc"
version = "1.2.15"
source = "registry+https://github.com/rust-lang/crates.io-index"
checksum = "c736e259eea577f443d5c86c304f9f4ae0295c43f3ba05c21f1d66b5f06001af"
dependencies = [
 "shlex",
]

[[package]]
name = "cfg-if"
version = "1.0.0"
source = "registry+https://github.com/rust-lang/crates.io-index"
checksum = "baf1de4339761588bc0619e3cbc0120ee582ebb74b53b4efbf79117bd2da40fd"

[[package]]
name = "cfg_aliases"
version = "0.2.1"
source = "registry+https://github.com/rust-lang/crates.io-index"
checksum = "613afe47fcd5fac7ccf1db93babcb082c5994d996f20b8b159f2ad1658eb5724"

[[package]]
name = "check_hv_vendor"
version = "0.1.0"
dependencies = [
 "raw-cpuid 11.4.0",
 "uefi 0.30.0",
]

[[package]]
name = "clap"
version = "4.5.30"
source = "registry+https://github.com/rust-lang/crates.io-index"
checksum = "92b7b18d71fad5313a1e320fa9897994228ce274b60faa4d694fe0ea89cd9e6d"
dependencies = [
 "clap_builder",
 "clap_derive",
]

[[package]]
name = "clap_builder"
version = "4.5.30"
source = "registry+https://github.com/rust-lang/crates.io-index"
checksum = "a35db2071778a7344791a4fb4f95308b5673d219dee3ae348b86642574ecc90c"
dependencies = [
 "anstream",
 "anstyle",
 "clap_lex",
 "strsim",
]

[[package]]
name = "clap_derive"
version = "4.5.28"
source = "registry+https://github.com/rust-lang/crates.io-index"
checksum = "bf4ced95c6f4a675af3da73304b9ac4ed991640c36374e4b46795c49e17cf1ed"
dependencies = [
 "heck",
 "proc-macro2",
 "quote",
 "syn 2.0.98",
]

[[package]]
name = "clap_lex"
version = "0.7.4"
source = "registry+https://github.com/rust-lang/crates.io-index"
checksum = "f46ad14479a25103f283c0f10005961cf086d8dc42205bb44c46ac563475dca6"

[[package]]
name = "colorchoice"
version = "1.0.3"
source = "registry+https://github.com/rust-lang/crates.io-index"
checksum = "5b63caa9aa9397e2d9480a9b13673856c78d8ac123288526c37d7839f2a86990"

[[package]]
name = "convert_case"
version = "0.7.1"
source = "registry+https://github.com/rust-lang/crates.io-index"
checksum = "bb402b8d4c85569410425650ce3eddc7d698ed96d39a73f941b08fb63082f1e7"
dependencies = [
 "unicode-segmentation",
]

[[package]]
name = "ctrlc"
version = "3.4.5"
source = "registry+https://github.com/rust-lang/crates.io-index"
checksum = "90eeab0aa92f3f9b4e87f258c72b139c207d251f9cbc1080a0086b86a8870dd3"
dependencies = [
 "nix",
 "windows-sys",
]

[[package]]
name = "derive_deref"
version = "1.1.1"
source = "registry+https://github.com/rust-lang/crates.io-index"
checksum = "dcdbcee2d9941369faba772587a565f4f534e42cb8d17e5295871de730163b2b"
dependencies = [
 "proc-macro2",
 "quote",
 "syn 1.0.109",
]

[[package]]
name = "derive_more"
version = "2.0.1"
source = "registry+https://github.com/rust-lang/crates.io-index"
checksum = "093242cf7570c207c83073cf82f79706fe7b8317e98620a47d5be7c3d8497678"
dependencies = [
 "derive_more-impl",
]

[[package]]
name = "derive_more-impl"
version = "2.0.1"
source = "registry+https://github.com/rust-lang/crates.io-index"
checksum = "bda628edc44c4bb645fbe0f758797143e4e07926f7ebf4e9bdfbd3d2ce621df3"
dependencies = [
 "convert_case",
 "proc-macro2",
 "quote",
 "syn 2.0.98",
 "unicode-xid",
]

[[package]]
name = "flate2"
version = "0.2.20"
source = "registry+https://github.com/rust-lang/crates.io-index"
checksum = "e6234dd4468ae5d1e2dbb06fe2b058696fdc50a339c68a393aefbf00bc81e423"
dependencies = [
 "libc",
 "miniz-sys",
]

[[package]]
name = "funty"
version = "2.0.0"
source = "registry+https://github.com/rust-lang/crates.io-index"
checksum = "e6d5a32815ae3f33302d95fdcb2ce17862f8c65363dcfd29360480ba1001fc9c"

[[package]]
name = "heck"
version = "0.5.0"
source = "registry+https://github.com/rust-lang/crates.io-index"
checksum = "2304e00983f87ffb38b55b444b5e3b60a884b5d30c0fca7d82fe33449bbe55ea"

[[package]]
name = "hv"
version = "0.1.0"
dependencies = [
 "bit_field",
 "bitfield",
 "bitvec",
 "derive_deref",
 "derive_more",
 "log 0.4.26",
 "num-derive",
 "num-traits",
 "spin",
 "thiserror",
 "x86",
]

[[package]]
name = "is_terminal_polyfill"
version = "1.70.1"
source = "registry+https://github.com/rust-lang/crates.io-index"
checksum = "7943c866cc5cd64cbc25b2e01621d07fa8eb2a1a23160ee81ce38704e97b8ecf"

[[package]]
name = "libc"
version = "0.2.170"
source = "registry+https://github.com/rust-lang/crates.io-index"
checksum = "875b3680cb2f8f71bdcf9a30f38d48282f5d3c95cbf9b3fa57269bb5d5c06828"

[[package]]
name = "lock_api"
version = "0.4.12"
source = "registry+https://github.com/rust-lang/crates.io-index"
checksum = "07af8b9cdd281b7915f413fa73f29ebd5d55d0d3f0155584dade1ff18cea1b17"
dependencies = [
 "autocfg",
 "scopeguard",
]

[[package]]
name = "log"
version = "0.3.9"
source = "registry+https://github.com/rust-lang/crates.io-index"
checksum = "e19e8d5c34a3e0e2223db8e060f9e8264aeeb5c5fc64a4ee9965c062211c024b"
dependencies = [
 "log 0.4.26",
]

[[package]]
name = "log"
version = "0.4.26"
source = "registry+https://github.com/rust-lang/crates.io-index"
checksum = "30bde2b3dc3671ae49d8e2e9f044c7c005836e7a023ee57cffa25ab82764bb9e"

[[package]]
name = "miniz-sys"
version = "0.1.12"
source = "registry+https://github.com/rust-lang/crates.io-index"
checksum = "1e9e3ae51cea1576ceba0dde3d484d30e6e5b86dee0b2d412fe3a16a15c98202"
dependencies = [
 "cc",
 "libc",
]

[[package]]
name = "nix"
version = "0.29.0"
source = "registry+https://github.com/rust-lang/crates.io-index"
checksum = "71e2746dc3a24dd78b3cfcb7be93368c6de9963d30f43a6a73998a9cf4b17b46"
dependencies = [
 "bitflags 2.8.0",
 "cfg-if",
 "cfg_aliases",
 "libc",
]

[[package]]
name = "num-derive"
version = "0.4.2"
source = "registry+https://github.com/rust-lang/crates.io-index"
checksum = "ed3955f1a9c7c0c15e092f9c887db08b1fc683305fdf6eb6684f22555355e202"
dependencies = [
 "proc-macro2",
 "quote",
 "syn 2.0.98",
]

[[package]]
name = "num-traits"
version = "0.2.19"
source = "registry+https://github.com/rust-lang/crates.io-index"
checksum = "071dfc062690e90b734c0b2273ce72ad0ffa95f0c74596bc250dcfd960262841"
dependencies = [
 "autocfg",
]

[[package]]
name = "once_cell"
version = "1.20.3"
source = "registry+https://github.com/rust-lang/crates.io-index"
checksum = "945462a4b81e43c4e3ba96bd7b49d834c6f61198356aa858733bc4acf3cbe62e"

[[package]]
name = "proc-macro2"
version = "1.0.93"
source = "registry+https://github.com/rust-lang/crates.io-index"
checksum = "60946a68e5f9d28b0dc1c21bb8a97ee7d018a8b322fa57838ba31cc878e22d99"
dependencies = [
 "unicode-ident",
]

[[package]]
name = "ptr_meta"
version = "0.2.0"
source = "registry+https://github.com/rust-lang/crates.io-index"
checksum = "bcada80daa06c42ed5f48c9a043865edea5dc44cbf9ac009fda3b89526e28607"
dependencies = [
 "ptr_meta_derive 0.2.0",
]

[[package]]
name = "ptr_meta"
version = "0.3.0"
source = "registry+https://github.com/rust-lang/crates.io-index"
checksum = "fe9e76f66d3f9606f44e45598d155cb13ecf09f4a28199e48daf8c8fc937ea90"
dependencies = [
 "ptr_meta_derive 0.3.0",
]

[[package]]
name = "ptr_meta_derive"
version = "0.2.0"
source = "registry+https://github.com/rust-lang/crates.io-index"
checksum = "bca9224df2e20e7c5548aeb5f110a0f3b77ef05f8585139b7148b59056168ed2"
dependencies = [
 "proc-macro2",
 "quote",
 "syn 1.0.109",
]

[[package]]
name = "ptr_meta_derive"
version = "0.3.0"
source = "registry+https://github.com/rust-lang/crates.io-index"
checksum = "ca414edb151b4c8d125c12566ab0d74dc9cdba36fb80eb7b848c15f495fd32d1"
dependencies = [
 "proc-macro2",
 "quote",
 "syn 2.0.98",
]

[[package]]
name = "quote"
version = "1.0.38"
source = "registry+https://github.com/rust-lang/crates.io-index"
checksum = "0e4dccaaaf89514f546c693ddc140f729f958c247918a13380cccc6078391acc"
dependencies = [
 "proc-macro2",
]

[[package]]
name = "radium"
version = "0.7.0"
source = "registry+https://github.com/rust-lang/crates.io-index"
checksum = "dc33ff2d4973d518d823d61aa239014831e521c75da58e3df4840d3f47749d09"

[[package]]
name = "raw-cpuid"
version = "10.7.0"
source = "registry+https://github.com/rust-lang/crates.io-index"
checksum = "6c297679cb867470fa8c9f67dbba74a78d78e3e98d7cf2b08d6d71540f797332"
dependencies = [
 "bitflags 1.3.2",
]

[[package]]
name = "raw-cpuid"
version = "11.4.0"
source = "registry+https://github.com/rust-lang/crates.io-index"
checksum = "529468c1335c1c03919960dfefdb1b3648858c20d7ec2d0663e728e4a717efbc"
dependencies = [
 "bitflags 2.8.0",
]

[[package]]
name = "scopeguard"
version = "1.2.0"
source = "registry+https://github.com/rust-lang/crates.io-index"
checksum = "94143f37725109f92c262ed2cf5e59bce7498c01bcc1502d7b9afe439a4e9f49"

[[package]]
name = "shlex"
version = "1.3.0"
source = "registry+https://github.com/rust-lang/crates.io-index"
checksum = "0fda2ff0d084019ba4d7c6f371c95d8fd75ce3524c3cb8fb653a3023f6323e64"

[[package]]
name = "spin"
version = "0.9.8"
source = "registry+https://github.com/rust-lang/crates.io-index"
checksum = "6980e8d7511241f8acf4aebddbb1ff938df5eebe98691418c4468d0b72a96a67"
dependencies = [
 "lock_api",
]

[[package]]
name = "strsim"
version = "0.11.1"
source = "registry+https://github.com/rust-lang/crates.io-index"
checksum = "7da8b5736845d9f2fcb837ea5d9e2628564b3b043a70948a3f0b778838c5fb4f"

[[package]]
name = "syn"
version = "1.0.109"
source = "registry+https://github.com/rust-lang/crates.io-index"
checksum = "72b64191b275b66ffe2469e8af2c1cfe3bafa67b529ead792a6d0160888b4237"
dependencies = [
 "proc-macro2",
 "quote",
 "unicode-ident",
]

[[package]]
name = "syn"
version = "2.0.98"
source = "registry+https://github.com/rust-lang/crates.io-index"
checksum = "36147f1a48ae0ec2b5b3bc5b537d267457555a10dc06f3dbc8cb11ba3006d3b1"
dependencies = [
 "proc-macro2",
 "quote",
 "unicode-ident",
]

[[package]]
name = "tap"
version = "1.0.1"
source = "registry+https://github.com/rust-lang/crates.io-index"
checksum = "55937e1799185b12863d447f42597ed69d9928686b8d88a1df17376a097d8369"

[[package]]
name = "thiserror"
version = "2.0.11"
source = "registry+https://github.com/rust-lang/crates.io-index"
checksum = "d452f284b73e6d76dd36758a0c8684b1d5be31f92b89d07fd5822175732206fc"
dependencies = [
 "thiserror-impl",
]

[[package]]
name = "thiserror-impl"
version = "2.0.11"
source = "registry+https://github.com/rust-lang/crates.io-index"
checksum = "26afc1baea8a989337eeb52b6e72a039780ce45c3edfcc9c5b9d112feeb173c2"
dependencies = [
 "proc-macro2",
 "quote",
 "syn 2.0.98",
]

[[package]]
name = "ucs2"
version = "0.3.3"
source = "registry+https://github.com/rust-lang/crates.io-index"
checksum = "df79298e11f316400c57ec268f3c2c29ac3c4d4777687955cd3d4f3a35ce7eba"
dependencies = [
 "bit_field",
]

[[package]]
name = "uefi"
version = "0.30.0"
source = "registry+https://github.com/rust-lang/crates.io-index"
checksum = "c937815260747b061aaa63a0f721d350a5740b72f166c5a4180226aa6fa204b9"
dependencies = [
 "bitflags 2.8.0",
 "cfg-if",
 "log 0.4.26",
 "ptr_meta 0.2.0",
 "ucs2",
 "uefi-macros 0.14.0",
 "uefi-raw 0.6.0",
 "uguid",
]

[[package]]
name = "uefi"
version = "0.34.1"
source = "registry+https://github.com/rust-lang/crates.io-index"
checksum = "c25038e420a68d30a0e8002a3b51c075ad2342f5ae7a2383f042bd41fef73272"
dependencies = [
 "bitflags 2.8.0",
 "cfg-if",
 "log 0.4.26",
 "ptr_meta 0.3.0",
 "ucs2",
 "uefi-macros 0.18.0",
 "uefi-raw 0.10.0",
 "uguid",
]

[[package]]
name = "uefi-macros"
version = "0.14.0"
source = "registry+https://github.com/rust-lang/crates.io-index"
checksum = "4f345e42323c05e41e29e409505f5f8e0df7b5743340215d60344dbd79b729f4"
dependencies = [
 "proc-macro2",
 "quote",
 "syn 2.0.98",
]

[[package]]
name = "uefi-macros"
version = "0.18.0"
source = "registry+https://github.com/rust-lang/crates.io-index"
checksum = "72cb3027736dad1b6f23437c63249025d960377fe7f9f769a111dfbc0dd2bdda"
dependencies = [
 "proc-macro2",
 "quote",
 "syn 2.0.98",
]

[[package]]
name = "uefi-raw"
version = "0.6.0"
source = "registry+https://github.com/rust-lang/crates.io-index"
checksum = "29a70d0f6b34cbeb4e5cd492b442bf9679a838fbb010551c4a3e3b9e25e316a8"
dependencies = [
 "bitflags 2.8.0",
 "ptr_meta 0.2.0",
 "uguid",
]

[[package]]
name = "uefi-raw"
version = "0.10.0"
source = "registry+https://github.com/rust-lang/crates.io-index"
checksum = "d246ed5d6fd71c0331f0ac774a6aefb6cb9170a46f83148cacc70b09f82c87bb"
dependencies = [
 "bitflags 2.8.0",
 "uguid",
]

[[package]]
name = "uefi_hv"
version = "0.1.0"
dependencies = [
 "hv",
 "uefi 0.34.1",
 "x86",
]

[[package]]
name = "uguid"
version = "2.2.0"
source = "registry+https://github.com/rust-lang/crates.io-index"
checksum = "ab14ea9660d240e7865ce9d54ecdbd1cd9fa5802ae6f4512f093c7907e921533"

[[package]]
name = "unicode-ident"
version = "1.0.17"
source = "registry+https://github.com/rust-lang/crates.io-index"
checksum = "00e2473a93778eb0bad35909dff6a10d28e63f792f16ed15e404fca9d5eeedbe"

[[package]]
name = "unicode-segmentation"
version = "1.12.0"
source = "registry+https://github.com/rust-lang/crates.io-index"
checksum = "f6ccf251212114b54433ec949fd6a7841275f9ada20dddd2f29e9ceea4501493"

[[package]]
name = "unicode-xid"
version = "0.2.6"
source = "registry+https://github.com/rust-lang/crates.io-index"
checksum = "ebc1c04c71510c7f702b52b7c350734c9ff1295c464a03335b00bb84fc54f853"

[[package]]
name = "utf8parse"
version = "0.2.2"
source = "registry+https://github.com/rust-lang/crates.io-index"
checksum = "06abde3611657adf66d383f00b093d7faecc7fa57071cce2578660c9f1010821"

[[package]]
name = "vnc"
version = "0.4.0"
source = "registry+https://github.com/rust-lang/crates.io-index"
checksum = "0ee63e3f93f8d4ec7ebcf68ba3e9c21d542c662d8201bb6749298e9bd22ad5db"
dependencies = [
 "byteorder",
 "flate2",
 "log 0.3.9",
]

[[package]]
name = "windows-sys"
version = "0.59.0"
source = "registry+https://github.com/rust-lang/crates.io-index"
checksum = "1e38bc4d79ed67fd075bcc251a1c39b32a1776bbe92e5bef1f0bf1f8c531853b"
dependencies = [
 "windows-targets",
]

[[package]]
name = "windows-targets"
version = "0.52.6"
source = "registry+https://github.com/rust-lang/crates.io-index"
checksum = "9b724f72796e036ab90c1021d4780d4d3d648aca59e491e6b98e725b84e99973"
dependencies = [
 "windows_aarch64_gnullvm",
 "windows_aarch64_msvc",
 "windows_i686_gnu",
 "windows_i686_gnullvm",
 "windows_i686_msvc",
 "windows_x86_64_gnu",
 "windows_x86_64_gnullvm",
 "windows_x86_64_msvc",
]

[[package]]
name = "windows_aarch64_gnullvm"
version = "0.52.6"
source = "registry+https://github.com/rust-lang/crates.io-index"
checksum = "32a4622180e7a0ec044bb555404c800bc9fd9ec262ec147edd5989ccd0c02cd3"

[[package]]
name = "windows_aarch64_msvc"
version = "0.52.6"
source = "registry+https://github.com/rust-lang/crates.io-index"
checksum = "09ec2a7bb152e2252b53fa7803150007879548bc709c039df7627cabbd05d469"

[[package]]
name = "windows_i686_gnu"
version = "0.52.6"
source = "registry+https://github.com/rust-lang/crates.io-index"
checksum = "8e9b5ad5ab802e97eb8e295ac6720e509ee4c243f69d781394014ebfe8bbfa0b"

[[package]]
name = "windows_i686_gnullvm"
version = "0.52.6"
source = "registry+https://github.com/rust-lang/crates.io-index"
checksum = "0eee52d38c090b3caa76c563b86c3a4bd71ef1a819287c19d586d7334ae8ed66"

[[package]]
name = "windows_i686_msvc"
version = "0.52.6"
source = "registry+https://github.com/rust-lang/crates.io-index"
checksum = "240948bc05c5e7c6dabba28bf89d89ffce3e303022809e73deaefe4f6ec56c66"

[[package]]
name = "windows_x86_64_gnu"
version = "0.52.6"
source = "registry+https://github.com/rust-lang/crates.io-index"
checksum = "147a5c80aabfbf0c7d901cb5895d1de30ef2907eb21fbbab29ca94c5b08b1a78"

[[package]]
name = "windows_x86_64_gnullvm"
version = "0.52.6"
source = "registry+https://github.com/rust-lang/crates.io-index"
checksum = "24d5b23dc417412679681396f2b49f3de8c1473deb516bd34410872eff51ed0d"

[[package]]
name = "windows_x86_64_msvc"
version = "0.52.6"
source = "registry+https://github.com/rust-lang/crates.io-index"
checksum = "589f6da84c646204747d1270a2a5661ea66ed1cced2631d546fdfb155959f9ec"

[[package]]
name = "wsl"
version = "0.1.0"
source = "registry+https://github.com/rust-lang/crates.io-index"
checksum = "f8dab7ac864710bdea6594becbea5b5050333cf34fefb0dc319567eb347950d4"

[[package]]
name = "wyz"
version = "0.5.1"
source = "registry+https://github.com/rust-lang/crates.io-index"
checksum = "05f360fc0b24296329c78fda852a1e9ae82de9cf7b27dae4b7f62f118f77b9ed"
dependencies = [
 "tap",
]

[[package]]
name = "x86"
version = "0.52.0"
source = "registry+https://github.com/rust-lang/crates.io-index"
checksum = "2781db97787217ad2a2845c396a5efe286f87467a5810836db6d74926e94a385"
dependencies = [
 "bit_field",
 "bitflags 1.3.2",
 "raw-cpuid 10.7.0",
]

[[package]]
name = "xtask"
version = "0.1.0"
dependencies = [
 "anyhow",
 "cfg-if",
 "clap",
 "ctrlc",
 "vnc",
 "wsl",
]
